// !$*UTF8*$!
{
	archiveVersion = 1;
	classes = {
	};
	objectVersion = 56;
	objects = {

/* Begin PBXBuildFile section */
		12AECC382C049420008ED2F4 /* SuccessViewController.swift in Sources */ = {isa = PBXBuildFile; fileRef = 12AECC372C049420008ED2F4 /* SuccessViewController.swift */; };
		12AECC3A2C04B71A008ED2F4 /* OnboardingViewController.swift in Sources */ = {isa = PBXBuildFile; fileRef = 12AECC392C04B71A008ED2F4 /* OnboardingViewController.swift */; };
		12AECC3C2C04B73E008ED2F4 /* OnboardingPageViewController.swift in Sources */ = {isa = PBXBuildFile; fileRef = 12AECC3B2C04B73E008ED2F4 /* OnboardingPageViewController.swift */; };
		12AECD122C0997DD008ED2F4 /* MainTabBarViewController.swift in Sources */ = {isa = PBXBuildFile; fileRef = 12AECD112C0997DD008ED2F4 /* MainTabBarViewController.swift */; };
		12AECD152C099B6B008ED2F4 /* HomeViewController.swift in Sources */ = {isa = PBXBuildFile; fileRef = 12AECD142C099B6B008ED2F4 /* HomeViewController.swift */; };
		12AECD1A2C099BA5008ED2F4 /* CartViewController.swift in Sources */ = {isa = PBXBuildFile; fileRef = 12AECD192C099BA5008ED2F4 /* CartViewController.swift */; };
		12AECD1C2C099BB7008ED2F4 /* NotificationsViewController.swift in Sources */ = {isa = PBXBuildFile; fileRef = 12AECD1B2C099BB7008ED2F4 /* NotificationsViewController.swift */; };
		12AECD1E2C099BC3008ED2F4 /* ProfileViewController.swift in Sources */ = {isa = PBXBuildFile; fileRef = 12AECD1D2C099BC3008ED2F4 /* ProfileViewController.swift */; };
		12AECD202C099C86008ED2F4 /* LCTabItems.swift in Sources */ = {isa = PBXBuildFile; fileRef = 12AECD1F2C099C86008ED2F4 /* LCTabItems.swift */; };
		12AECD222C09AF4C008ED2F4 /* LCEmptyView.swift in Sources */ = {isa = PBXBuildFile; fileRef = 12AECD212C09AF4B008ED2F4 /* LCEmptyView.swift */; };
		12AECD252C09C2BC008ED2F4 /* CategoriesViewController.swift in Sources */ = {isa = PBXBuildFile; fileRef = 12AECD242C09C2BC008ED2F4 /* CategoriesViewController.swift */; };
		12AECD2A2C09DF0B008ED2F4 /* SettingsViewController.swift in Sources */ = {isa = PBXBuildFile; fileRef = 12AECD292C09DF0B008ED2F4 /* SettingsViewController.swift */; };
		12AECD302C09E397008ED2F4 /* SuccessOverlayView.swift in Sources */ = {isa = PBXBuildFile; fileRef = 12AECD2E2C09E397008ED2F4 /* SuccessOverlayView.swift */; };
		12AECD312C09E397008ED2F4 /* SuccessOverlayView.xib in Resources */ = {isa = PBXBuildFile; fileRef = 12AECD2F2C09E397008ED2F4 /* SuccessOverlayView.xib */; };
		12AECD792C0C7195008ED2F4 /* EmptySearchViewController.swift in Sources */ = {isa = PBXBuildFile; fileRef = 12AECD782C0C7195008ED2F4 /* EmptySearchViewController.swift */; };
		12AECD7B2C0C733C008ED2F4 /* EmptySearchCollectionViewCell.swift in Sources */ = {isa = PBXBuildFile; fileRef = 12AECD7A2C0C733C008ED2F4 /* EmptySearchCollectionViewCell.swift */; };
		12AECD7D2C0C8BA8008ED2F4 /* CategoriesTableViewCell.swift in Sources */ = {isa = PBXBuildFile; fileRef = 12AECD7C2C0C8BA8008ED2F4 /* CategoriesTableViewCell.swift */; };
		12AECD7F2C0CCDF7008ED2F4 /* ProductsCollectionViewCell.swift in Sources */ = {isa = PBXBuildFile; fileRef = 12AECD7E2C0CCDF7008ED2F4 /* ProductsCollectionViewCell.swift */; };
		12AECD812C0CCF76008ED2F4 /* ProductsCollectionViewHeaderCell.swift in Sources */ = {isa = PBXBuildFile; fileRef = 12AECD802C0CCF76008ED2F4 /* ProductsCollectionViewHeaderCell.swift */; };
		12F753F52C03908E006CC5C8 /* AppDelegate.swift in Sources */ = {isa = PBXBuildFile; fileRef = 12F753F42C03908E006CC5C8 /* AppDelegate.swift */; };
		12F753F72C03908E006CC5C8 /* SceneDelegate.swift in Sources */ = {isa = PBXBuildFile; fileRef = 12F753F62C03908E006CC5C8 /* SceneDelegate.swift */; };
		12F753FF2C03908E006CC5C8 /* LuxeCart.xcdatamodeld in Sources */ = {isa = PBXBuildFile; fileRef = 12F753FD2C03908E006CC5C8 /* LuxeCart.xcdatamodeld */; };
		12F754012C03908F006CC5C8 /* Assets.xcassets in Resources */ = {isa = PBXBuildFile; fileRef = 12F754002C03908F006CC5C8 /* Assets.xcassets */; };
		12F754042C03908F006CC5C8 /* LaunchScreen.storyboard in Resources */ = {isa = PBXBuildFile; fileRef = 12F754022C03908F006CC5C8 /* LaunchScreen.storyboard */; };
		12F7540F2C039090006CC5C8 /* LuxeCartTests.swift in Sources */ = {isa = PBXBuildFile; fileRef = 12F7540E2C039090006CC5C8 /* LuxeCartTests.swift */; };
		12F754192C039090006CC5C8 /* LuxeCartUITests.swift in Sources */ = {isa = PBXBuildFile; fileRef = 12F754182C039090006CC5C8 /* LuxeCartUITests.swift */; };
		12F7541B2C039090006CC5C8 /* LuxeCartUITestsLaunchTests.swift in Sources */ = {isa = PBXBuildFile; fileRef = 12F7541A2C039090006CC5C8 /* LuxeCartUITestsLaunchTests.swift */; };
		12F754312C039A86006CC5C8 /* LCBaseViewController.swift in Sources */ = {isa = PBXBuildFile; fileRef = 12F754302C039A86006CC5C8 /* LCBaseViewController.swift */; };
		12F7543C2C039CA6006CC5C8 /* UIView+Ext.swift in Sources */ = {isa = PBXBuildFile; fileRef = 12F7543B2C039CA6006CC5C8 /* UIView+Ext.swift */; };
		12F754402C03A224006CC5C8 /* LCButton.swift in Sources */ = {isa = PBXBuildFile; fileRef = 12F7543F2C03A224006CC5C8 /* LCButton.swift */; };
		12F754432C0445C6006CC5C8 /* LaunchViewController.swift in Sources */ = {isa = PBXBuildFile; fileRef = 12F754412C0445C6006CC5C8 /* LaunchViewController.swift */; };
		12F754442C0445C6006CC5C8 /* LaunchViewController.xib in Resources */ = {isa = PBXBuildFile; fileRef = 12F754422C0445C6006CC5C8 /* LaunchViewController.xib */; };
		12F7544D2C04562A006CC5C8 /* LoginViewController.swift in Sources */ = {isa = PBXBuildFile; fileRef = 12F7544C2C04562A006CC5C8 /* LoginViewController.swift */; };
		12F7544F2C045634006CC5C8 /* SignupViewController.swift in Sources */ = {isa = PBXBuildFile; fileRef = 12F7544E2C045634006CC5C8 /* SignupViewController.swift */; };
		12F754512C04581D006CC5C8 /* LCTextField.swift in Sources */ = {isa = PBXBuildFile; fileRef = 12F754502C04581D006CC5C8 /* LCTextField.swift */; };
		12F754532C0459A2006CC5C8 /* LCLabel.swift in Sources */ = {isa = PBXBuildFile; fileRef = 12F754522C0459A2006CC5C8 /* LCLabel.swift */; };
		12F754552C045FCB006CC5C8 /* LCStackView.swift in Sources */ = {isa = PBXBuildFile; fileRef = 12F754542C045FCB006CC5C8 /* LCStackView.swift */; };
		12F754582C04626C006CC5C8 /* LCImageView.swift in Sources */ = {isa = PBXBuildFile; fileRef = 12F754572C04626C006CC5C8 /* LCImageView.swift */; };
		12F7545A2C046B88006CC5C8 /* UIStackView+Ext.swift in Sources */ = {isa = PBXBuildFile; fileRef = 12F754592C046B88006CC5C8 /* UIStackView+Ext.swift */; };
/* End PBXBuildFile section */

/* Begin PBXContainerItemProxy section */
		12F7540B2C039090006CC5C8 /* PBXContainerItemProxy */ = {
			isa = PBXContainerItemProxy;
			containerPortal = 12F753E92C03908E006CC5C8 /* Project object */;
			proxyType = 1;
			remoteGlobalIDString = 12F753F02C03908E006CC5C8;
			remoteInfo = LuxeCart;
		};
		12F754152C039090006CC5C8 /* PBXContainerItemProxy */ = {
			isa = PBXContainerItemProxy;
			containerPortal = 12F753E92C03908E006CC5C8 /* Project object */;
			proxyType = 1;
			remoteGlobalIDString = 12F753F02C03908E006CC5C8;
			remoteInfo = LuxeCart;
		};
/* End PBXContainerItemProxy section */

/* Begin PBXFileReference section */
		12AECC372C049420008ED2F4 /* SuccessViewController.swift */ = {isa = PBXFileReference; lastKnownFileType = sourcecode.swift; path = SuccessViewController.swift; sourceTree = "<group>"; };
		12AECC392C04B71A008ED2F4 /* OnboardingViewController.swift */ = {isa = PBXFileReference; lastKnownFileType = sourcecode.swift; path = OnboardingViewController.swift; sourceTree = "<group>"; };
		12AECC3B2C04B73E008ED2F4 /* OnboardingPageViewController.swift */ = {isa = PBXFileReference; lastKnownFileType = sourcecode.swift; path = OnboardingPageViewController.swift; sourceTree = "<group>"; };
		12AECD112C0997DD008ED2F4 /* MainTabBarViewController.swift */ = {isa = PBXFileReference; lastKnownFileType = sourcecode.swift; path = MainTabBarViewController.swift; sourceTree = "<group>"; };
		12AECD142C099B6B008ED2F4 /* HomeViewController.swift */ = {isa = PBXFileReference; lastKnownFileType = sourcecode.swift; path = HomeViewController.swift; sourceTree = "<group>"; };
		12AECD192C099BA5008ED2F4 /* CartViewController.swift */ = {isa = PBXFileReference; lastKnownFileType = sourcecode.swift; path = CartViewController.swift; sourceTree = "<group>"; };
		12AECD1B2C099BB7008ED2F4 /* NotificationsViewController.swift */ = {isa = PBXFileReference; lastKnownFileType = sourcecode.swift; path = NotificationsViewController.swift; sourceTree = "<group>"; };
		12AECD1D2C099BC3008ED2F4 /* ProfileViewController.swift */ = {isa = PBXFileReference; lastKnownFileType = sourcecode.swift; path = ProfileViewController.swift; sourceTree = "<group>"; };
		12AECD1F2C099C86008ED2F4 /* LCTabItems.swift */ = {isa = PBXFileReference; lastKnownFileType = sourcecode.swift; path = LCTabItems.swift; sourceTree = "<group>"; };
		12AECD212C09AF4B008ED2F4 /* LCEmptyView.swift */ = {isa = PBXFileReference; lastKnownFileType = sourcecode.swift; path = LCEmptyView.swift; sourceTree = "<group>"; };
		12AECD242C09C2BC008ED2F4 /* CategoriesViewController.swift */ = {isa = PBXFileReference; lastKnownFileType = sourcecode.swift; path = CategoriesViewController.swift; sourceTree = "<group>"; };
		12AECD292C09DF0B008ED2F4 /* SettingsViewController.swift */ = {isa = PBXFileReference; lastKnownFileType = sourcecode.swift; path = SettingsViewController.swift; sourceTree = "<group>"; };
		12AECD2E2C09E397008ED2F4 /* SuccessOverlayView.swift */ = {isa = PBXFileReference; lastKnownFileType = sourcecode.swift; path = SuccessOverlayView.swift; sourceTree = "<group>"; };
		12AECD2F2C09E397008ED2F4 /* SuccessOverlayView.xib */ = {isa = PBXFileReference; lastKnownFileType = file.xib; path = SuccessOverlayView.xib; sourceTree = "<group>"; };
		12AECD782C0C7195008ED2F4 /* EmptySearchViewController.swift */ = {isa = PBXFileReference; lastKnownFileType = sourcecode.swift; path = EmptySearchViewController.swift; sourceTree = "<group>"; };
		12AECD7A2C0C733C008ED2F4 /* EmptySearchCollectionViewCell.swift */ = {isa = PBXFileReference; lastKnownFileType = sourcecode.swift; path = EmptySearchCollectionViewCell.swift; sourceTree = "<group>"; };
		12AECD7C2C0C8BA8008ED2F4 /* CategoriesTableViewCell.swift */ = {isa = PBXFileReference; lastKnownFileType = sourcecode.swift; path = CategoriesTableViewCell.swift; sourceTree = "<group>"; };
		12AECD7E2C0CCDF7008ED2F4 /* ProductsCollectionViewCell.swift */ = {isa = PBXFileReference; lastKnownFileType = sourcecode.swift; path = ProductsCollectionViewCell.swift; sourceTree = "<group>"; };
		12AECD802C0CCF76008ED2F4 /* ProductsCollectionViewHeaderCell.swift */ = {isa = PBXFileReference; lastKnownFileType = sourcecode.swift; path = ProductsCollectionViewHeaderCell.swift; sourceTree = "<group>"; };
		12F753F12C03908E006CC5C8 /* LuxeCart.app */ = {isa = PBXFileReference; explicitFileType = wrapper.application; includeInIndex = 0; path = LuxeCart.app; sourceTree = BUILT_PRODUCTS_DIR; };
		12F753F42C03908E006CC5C8 /* AppDelegate.swift */ = {isa = PBXFileReference; lastKnownFileType = sourcecode.swift; path = AppDelegate.swift; sourceTree = "<group>"; };
		12F753F62C03908E006CC5C8 /* SceneDelegate.swift */ = {isa = PBXFileReference; lastKnownFileType = sourcecode.swift; path = SceneDelegate.swift; sourceTree = "<group>"; };
		12F753FE2C03908E006CC5C8 /* LuxeCart.xcdatamodel */ = {isa = PBXFileReference; lastKnownFileType = wrapper.xcdatamodel; path = LuxeCart.xcdatamodel; sourceTree = "<group>"; };
		12F754002C03908F006CC5C8 /* Assets.xcassets */ = {isa = PBXFileReference; lastKnownFileType = folder.assetcatalog; path = Assets.xcassets; sourceTree = "<group>"; };
		12F754032C03908F006CC5C8 /* Base */ = {isa = PBXFileReference; lastKnownFileType = file.storyboard; name = Base; path = Base.lproj/LaunchScreen.storyboard; sourceTree = "<group>"; };
		12F754052C03908F006CC5C8 /* Info.plist */ = {isa = PBXFileReference; lastKnownFileType = text.plist.xml; path = Info.plist; sourceTree = "<group>"; };
		12F7540A2C039090006CC5C8 /* LuxeCartTests.xctest */ = {isa = PBXFileReference; explicitFileType = wrapper.cfbundle; includeInIndex = 0; path = LuxeCartTests.xctest; sourceTree = BUILT_PRODUCTS_DIR; };
		12F7540E2C039090006CC5C8 /* LuxeCartTests.swift */ = {isa = PBXFileReference; lastKnownFileType = sourcecode.swift; path = LuxeCartTests.swift; sourceTree = "<group>"; };
		12F754142C039090006CC5C8 /* LuxeCartUITests.xctest */ = {isa = PBXFileReference; explicitFileType = wrapper.cfbundle; includeInIndex = 0; path = LuxeCartUITests.xctest; sourceTree = BUILT_PRODUCTS_DIR; };
		12F754182C039090006CC5C8 /* LuxeCartUITests.swift */ = {isa = PBXFileReference; lastKnownFileType = sourcecode.swift; path = LuxeCartUITests.swift; sourceTree = "<group>"; };
		12F7541A2C039090006CC5C8 /* LuxeCartUITestsLaunchTests.swift */ = {isa = PBXFileReference; lastKnownFileType = sourcecode.swift; path = LuxeCartUITestsLaunchTests.swift; sourceTree = "<group>"; };
		12F754302C039A86006CC5C8 /* LCBaseViewController.swift */ = {isa = PBXFileReference; lastKnownFileType = sourcecode.swift; path = LCBaseViewController.swift; sourceTree = "<group>"; };
		12F7543B2C039CA6006CC5C8 /* UIView+Ext.swift */ = {isa = PBXFileReference; lastKnownFileType = sourcecode.swift; path = "UIView+Ext.swift"; sourceTree = "<group>"; };
		12F7543F2C03A224006CC5C8 /* LCButton.swift */ = {isa = PBXFileReference; lastKnownFileType = sourcecode.swift; path = LCButton.swift; sourceTree = "<group>"; };
		12F754412C0445C6006CC5C8 /* LaunchViewController.swift */ = {isa = PBXFileReference; lastKnownFileType = sourcecode.swift; path = LaunchViewController.swift; sourceTree = "<group>"; };
		12F754422C0445C6006CC5C8 /* LaunchViewController.xib */ = {isa = PBXFileReference; lastKnownFileType = file.xib; path = LaunchViewController.xib; sourceTree = "<group>"; };
		12F7544C2C04562A006CC5C8 /* LoginViewController.swift */ = {isa = PBXFileReference; lastKnownFileType = sourcecode.swift; path = LoginViewController.swift; sourceTree = "<group>"; };
		12F7544E2C045634006CC5C8 /* SignupViewController.swift */ = {isa = PBXFileReference; lastKnownFileType = sourcecode.swift; path = SignupViewController.swift; sourceTree = "<group>"; };
		12F754502C04581D006CC5C8 /* LCTextField.swift */ = {isa = PBXFileReference; lastKnownFileType = sourcecode.swift; path = LCTextField.swift; sourceTree = "<group>"; };
		12F754522C0459A2006CC5C8 /* LCLabel.swift */ = {isa = PBXFileReference; lastKnownFileType = sourcecode.swift; path = LCLabel.swift; sourceTree = "<group>"; };
		12F754542C045FCB006CC5C8 /* LCStackView.swift */ = {isa = PBXFileReference; lastKnownFileType = sourcecode.swift; path = LCStackView.swift; sourceTree = "<group>"; };
		12F754572C04626C006CC5C8 /* LCImageView.swift */ = {isa = PBXFileReference; lastKnownFileType = sourcecode.swift; path = LCImageView.swift; sourceTree = "<group>"; };
		12F754592C046B88006CC5C8 /* UIStackView+Ext.swift */ = {isa = PBXFileReference; lastKnownFileType = sourcecode.swift; path = "UIStackView+Ext.swift"; sourceTree = "<group>"; };
/* End PBXFileReference section */

/* Begin PBXFrameworksBuildPhase section */
		12F753EE2C03908E006CC5C8 /* Frameworks */ = {
			isa = PBXFrameworksBuildPhase;
			buildActionMask = 2147483647;
			files = (
			);
			runOnlyForDeploymentPostprocessing = 0;
		};
		12F754072C039090006CC5C8 /* Frameworks */ = {
			isa = PBXFrameworksBuildPhase;
			buildActionMask = 2147483647;
			files = (
			);
			runOnlyForDeploymentPostprocessing = 0;
		};
		12F754112C039090006CC5C8 /* Frameworks */ = {
			isa = PBXFrameworksBuildPhase;
			buildActionMask = 2147483647;
			files = (
			);
			runOnlyForDeploymentPostprocessing = 0;
		};
/* End PBXFrameworksBuildPhase section */

/* Begin PBXGroup section */
		12AECD102C099779008ED2F4 /* MainTabBar */ = {
			isa = PBXGroup;
			children = (
				12AECD1F2C099C86008ED2F4 /* LCTabItems.swift */,
				12AECD112C0997DD008ED2F4 /* MainTabBarViewController.swift */,
			);
			path = MainTabBar;
			sourceTree = "<group>";
		};
		12AECD132C099B5D008ED2F4 /* Home */ = {
			isa = PBXGroup;
			children = (
				12AECD142C099B6B008ED2F4 /* HomeViewController.swift */,
				12AECD7E2C0CCDF7008ED2F4 /* ProductsCollectionViewCell.swift */,
				12AECD802C0CCF76008ED2F4 /* ProductsCollectionViewHeaderCell.swift */,
			);
			path = Home;
			sourceTree = "<group>";
		};
		12AECD162C099B72008ED2F4 /* Cart */ = {
			isa = PBXGroup;
			children = (
				12AECD192C099BA5008ED2F4 /* CartViewController.swift */,
			);
			path = Cart;
			sourceTree = "<group>";
		};
		12AECD172C099B88008ED2F4 /* Notifications */ = {
			isa = PBXGroup;
			children = (
				12AECD1B2C099BB7008ED2F4 /* NotificationsViewController.swift */,
			);
			path = Notifications;
			sourceTree = "<group>";
		};
		12AECD182C099B94008ED2F4 /* Profile */ = {
			isa = PBXGroup;
			children = (
				12AECD1D2C099BC3008ED2F4 /* ProfileViewController.swift */,
			);
			path = Profile;
			sourceTree = "<group>";
		};
		12AECD232C09C2A7008ED2F4 /* Categories */ = {
			isa = PBXGroup;
			children = (
				12AECD242C09C2BC008ED2F4 /* CategoriesViewController.swift */,
				12AECD7C2C0C8BA8008ED2F4 /* CategoriesTableViewCell.swift */,
			);
			path = Categories;
			sourceTree = "<group>";
		};
		12AECD282C09DF00008ED2F4 /* Settings */ = {
			isa = PBXGroup;
			children = (
				12AECD292C09DF0B008ED2F4 /* SettingsViewController.swift */,
			);
			path = Settings;
			sourceTree = "<group>";
		};
		12AECD2B2C09E0AE008ED2F4 /* Commons */ = {
			isa = PBXGroup;
			children = (
				12AECD2E2C09E397008ED2F4 /* SuccessOverlayView.swift */,
				12AECD2F2C09E397008ED2F4 /* SuccessOverlayView.xib */,
			);
			path = Commons;
			sourceTree = "<group>";
		};
		12AECD772C0C717F008ED2F4 /* Search */ = {
			isa = PBXGroup;
			children = (
				12AECD782C0C7195008ED2F4 /* EmptySearchViewController.swift */,
				12AECD7A2C0C733C008ED2F4 /* EmptySearchCollectionViewCell.swift */,
			);
			path = Search;
			sourceTree = "<group>";
		};
		12F753E82C03908E006CC5C8 = {
			isa = PBXGroup;
			children = (
				12F753F32C03908E006CC5C8 /* LuxeCart */,
				12F7540D2C039090006CC5C8 /* LuxeCartTests */,
				12F754172C039090006CC5C8 /* LuxeCartUITests */,
				12F753F22C03908E006CC5C8 /* Products */,
			);
			sourceTree = "<group>";
		};
		12F753F22C03908E006CC5C8 /* Products */ = {
			isa = PBXGroup;
			children = (
				12F753F12C03908E006CC5C8 /* LuxeCart.app */,
				12F7540A2C039090006CC5C8 /* LuxeCartTests.xctest */,
				12F754142C039090006CC5C8 /* LuxeCartUITests.xctest */,
			);
			name = Products;
			sourceTree = "<group>";
		};
		12F753F32C03908E006CC5C8 /* LuxeCart */ = {
			isa = PBXGroup;
			children = (
				12AECD2B2C09E0AE008ED2F4 /* Commons */,
				12F7542E2C03927E006CC5C8 /* Core */,
				12F754282C03921E006CC5C8 /* ViewControllers */,
				12F7542D2C03926A006CC5C8 /* Views */,
				12F7542B2C039260006CC5C8 /* Models */,
				12F7542A2C039253006CC5C8 /* Networking */,
				12F754292C039236006CC5C8 /* Extensions */,
				12F754272C039194006CC5C8 /* Resources */,
				12F754052C03908F006CC5C8 /* Info.plist */,
				12F753FD2C03908E006CC5C8 /* LuxeCart.xcdatamodeld */,
			);
			path = LuxeCart;
			sourceTree = "<group>";
		};
		12F7540D2C039090006CC5C8 /* LuxeCartTests */ = {
			isa = PBXGroup;
			children = (
				12F7540E2C039090006CC5C8 /* LuxeCartTests.swift */,
			);
			path = LuxeCartTests;
			sourceTree = "<group>";
		};
		12F754172C039090006CC5C8 /* LuxeCartUITests */ = {
			isa = PBXGroup;
			children = (
				12F754182C039090006CC5C8 /* LuxeCartUITests.swift */,
				12F7541A2C039090006CC5C8 /* LuxeCartUITestsLaunchTests.swift */,
			);
			path = LuxeCartUITests;
			sourceTree = "<group>";
		};
		12F754272C039194006CC5C8 /* Resources */ = {
			isa = PBXGroup;
			children = (
				12F754002C03908F006CC5C8 /* Assets.xcassets */,
				12F754022C03908F006CC5C8 /* LaunchScreen.storyboard */,
			);
			path = Resources;
			sourceTree = "<group>";
		};
		12F754282C03921E006CC5C8 /* ViewControllers */ = {
			isa = PBXGroup;
			children = (
				12F7542F2C0399A3006CC5C8 /* RootView */,
				12F7544B2C045600006CC5C8 /* Authentication */,
				12F7544A2C045452006CC5C8 /* Onboarding */,
				12AECD102C099779008ED2F4 /* MainTabBar */,
				12AECD132C099B5D008ED2F4 /* Home */,
				12AECD162C099B72008ED2F4 /* Cart */,
				12AECD172C099B88008ED2F4 /* Notifications */,
				12AECD182C099B94008ED2F4 /* Profile */,
				12AECD232C09C2A7008ED2F4 /* Categories */,
				12AECD772C0C717F008ED2F4 /* Search */,
				12AECD282C09DF00008ED2F4 /* Settings */,
			);
			path = ViewControllers;
			sourceTree = "<group>";
		};
		12F754292C039236006CC5C8 /* Extensions */ = {
			isa = PBXGroup;
			children = (
				12F7543B2C039CA6006CC5C8 /* UIView+Ext.swift */,
				12F754592C046B88006CC5C8 /* UIStackView+Ext.swift */,
			);
			path = Extensions;
			sourceTree = "<group>";
		};
		12F7542A2C039253006CC5C8 /* Networking */ = {
			isa = PBXGroup;
			children = (
			);
			path = Networking;
			sourceTree = "<group>";
		};
		12F7542B2C039260006CC5C8 /* Models */ = {
			isa = PBXGroup;
			children = (
			);
			path = Models;
			sourceTree = "<group>";
		};
		12F7542D2C03926A006CC5C8 /* Views */ = {
			isa = PBXGroup;
			children = (
				12F7543F2C03A224006CC5C8 /* LCButton.swift */,
				12F754502C04581D006CC5C8 /* LCTextField.swift */,
				12F754522C0459A2006CC5C8 /* LCLabel.swift */,
				12F754542C045FCB006CC5C8 /* LCStackView.swift */,
				12F754572C04626C006CC5C8 /* LCImageView.swift */,
				12AECD212C09AF4B008ED2F4 /* LCEmptyView.swift */,
			);
			path = Views;
			sourceTree = "<group>";
		};
		12F7542E2C03927E006CC5C8 /* Core */ = {
			isa = PBXGroup;
			children = (
				12F753F42C03908E006CC5C8 /* AppDelegate.swift */,
				12F753F62C03908E006CC5C8 /* SceneDelegate.swift */,
			);
			path = Core;
			sourceTree = "<group>";
		};
		12F7542F2C0399A3006CC5C8 /* RootView */ = {
			isa = PBXGroup;
			children = (
				12F754302C039A86006CC5C8 /* LCBaseViewController.swift */,
				12F754412C0445C6006CC5C8 /* LaunchViewController.swift */,
				12F754422C0445C6006CC5C8 /* LaunchViewController.xib */,
			);
			path = RootView;
			sourceTree = "<group>";
		};
		12F7544A2C045452006CC5C8 /* Onboarding */ = {
			isa = PBXGroup;
			children = (
				12AECC3B2C04B73E008ED2F4 /* OnboardingPageViewController.swift */,
				12AECC392C04B71A008ED2F4 /* OnboardingViewController.swift */,
			);
			path = Onboarding;
			sourceTree = "<group>";
		};
		12F7544B2C045600006CC5C8 /* Authentication */ = {
			isa = PBXGroup;
			children = (
				12F7544E2C045634006CC5C8 /* SignupViewController.swift */,
				12F7544C2C04562A006CC5C8 /* LoginViewController.swift */,
				12AECC372C049420008ED2F4 /* SuccessViewController.swift */,
			);
			path = Authentication;
			sourceTree = "<group>";
		};
/* End PBXGroup section */

/* Begin PBXNativeTarget section */
		12F753F02C03908E006CC5C8 /* LuxeCart */ = {
			isa = PBXNativeTarget;
			buildConfigurationList = 12F7541E2C039090006CC5C8 /* Build configuration list for PBXNativeTarget "LuxeCart" */;
			buildPhases = (
				12F753ED2C03908E006CC5C8 /* Sources */,
				12F753EE2C03908E006CC5C8 /* Frameworks */,
				12F753EF2C03908E006CC5C8 /* Resources */,
			);
			buildRules = (
			);
			dependencies = (
			);
			name = LuxeCart;
			productName = LuxeCart;
			productReference = 12F753F12C03908E006CC5C8 /* LuxeCart.app */;
			productType = "com.apple.product-type.application";
		};
		12F754092C039090006CC5C8 /* LuxeCartTests */ = {
			isa = PBXNativeTarget;
			buildConfigurationList = 12F754212C039090006CC5C8 /* Build configuration list for PBXNativeTarget "LuxeCartTests" */;
			buildPhases = (
				12F754062C039090006CC5C8 /* Sources */,
				12F754072C039090006CC5C8 /* Frameworks */,
				12F754082C039090006CC5C8 /* Resources */,
			);
			buildRules = (
			);
			dependencies = (
				12F7540C2C039090006CC5C8 /* PBXTargetDependency */,
			);
			name = LuxeCartTests;
			productName = LuxeCartTests;
			productReference = 12F7540A2C039090006CC5C8 /* LuxeCartTests.xctest */;
			productType = "com.apple.product-type.bundle.unit-test";
		};
		12F754132C039090006CC5C8 /* LuxeCartUITests */ = {
			isa = PBXNativeTarget;
			buildConfigurationList = 12F754242C039090006CC5C8 /* Build configuration list for PBXNativeTarget "LuxeCartUITests" */;
			buildPhases = (
				12F754102C039090006CC5C8 /* Sources */,
				12F754112C039090006CC5C8 /* Frameworks */,
				12F754122C039090006CC5C8 /* Resources */,
			);
			buildRules = (
			);
			dependencies = (
				12F754162C039090006CC5C8 /* PBXTargetDependency */,
			);
			name = LuxeCartUITests;
			productName = LuxeCartUITests;
			productReference = 12F754142C039090006CC5C8 /* LuxeCartUITests.xctest */;
			productType = "com.apple.product-type.bundle.ui-testing";
		};
/* End PBXNativeTarget section */

/* Begin PBXProject section */
		12F753E92C03908E006CC5C8 /* Project object */ = {
			isa = PBXProject;
			attributes = {
				BuildIndependentTargetsInParallel = 1;
				LastSwiftUpdateCheck = 1510;
				LastUpgradeCheck = 1510;
				TargetAttributes = {
					12F753F02C03908E006CC5C8 = {
						CreatedOnToolsVersion = 15.1;
					};
					12F754092C039090006CC5C8 = {
						CreatedOnToolsVersion = 15.1;
						TestTargetID = 12F753F02C03908E006CC5C8;
					};
					12F754132C039090006CC5C8 = {
						CreatedOnToolsVersion = 15.1;
						TestTargetID = 12F753F02C03908E006CC5C8;
					};
				};
			};
			buildConfigurationList = 12F753EC2C03908E006CC5C8 /* Build configuration list for PBXProject "LuxeCart" */;
			compatibilityVersion = "Xcode 14.0";
			developmentRegion = en;
			hasScannedForEncodings = 0;
			knownRegions = (
				en,
				Base,
			);
			mainGroup = 12F753E82C03908E006CC5C8;
			productRefGroup = 12F753F22C03908E006CC5C8 /* Products */;
			projectDirPath = "";
			projectRoot = "";
			targets = (
				12F753F02C03908E006CC5C8 /* LuxeCart */,
				12F754092C039090006CC5C8 /* LuxeCartTests */,
				12F754132C039090006CC5C8 /* LuxeCartUITests */,
			);
		};
/* End PBXProject section */

/* Begin PBXResourcesBuildPhase section */
		12F753EF2C03908E006CC5C8 /* Resources */ = {
			isa = PBXResourcesBuildPhase;
			buildActionMask = 2147483647;
			files = (
				12F754442C0445C6006CC5C8 /* LaunchViewController.xib in Resources */,
				12AECD312C09E397008ED2F4 /* SuccessOverlayView.xib in Resources */,
				12F754042C03908F006CC5C8 /* LaunchScreen.storyboard in Resources */,
				12F754012C03908F006CC5C8 /* Assets.xcassets in Resources */,
			);
			runOnlyForDeploymentPostprocessing = 0;
		};
		12F754082C039090006CC5C8 /* Resources */ = {
			isa = PBXResourcesBuildPhase;
			buildActionMask = 2147483647;
			files = (
			);
			runOnlyForDeploymentPostprocessing = 0;
		};
		12F754122C039090006CC5C8 /* Resources */ = {
			isa = PBXResourcesBuildPhase;
			buildActionMask = 2147483647;
			files = (
			);
			runOnlyForDeploymentPostprocessing = 0;
		};
/* End PBXResourcesBuildPhase section */

/* Begin PBXSourcesBuildPhase section */
		12F753ED2C03908E006CC5C8 /* Sources */ = {
			isa = PBXSourcesBuildPhase;
			buildActionMask = 2147483647;
			files = (
				12F7544F2C045634006CC5C8 /* SignupViewController.swift in Sources */,
				12AECD7B2C0C733C008ED2F4 /* EmptySearchCollectionViewCell.swift in Sources */,
				12F753FF2C03908E006CC5C8 /* LuxeCart.xcdatamodeld in Sources */,
				12AECD792C0C7195008ED2F4 /* EmptySearchViewController.swift in Sources */,
				12AECD152C099B6B008ED2F4 /* HomeViewController.swift in Sources */,
				12AECD812C0CCF76008ED2F4 /* ProductsCollectionViewHeaderCell.swift in Sources */,
				12F7543C2C039CA6006CC5C8 /* UIView+Ext.swift in Sources */,
				12AECD202C099C86008ED2F4 /* LCTabItems.swift in Sources */,
				12AECD122C0997DD008ED2F4 /* MainTabBarViewController.swift in Sources */,
				12AECC3C2C04B73E008ED2F4 /* OnboardingPageViewController.swift in Sources */,
				12AECD1E2C099BC3008ED2F4 /* ProfileViewController.swift in Sources */,
				12F753F52C03908E006CC5C8 /* AppDelegate.swift in Sources */,
				12AECD252C09C2BC008ED2F4 /* CategoriesViewController.swift in Sources */,
				12F754512C04581D006CC5C8 /* LCTextField.swift in Sources */,
				12F754402C03A224006CC5C8 /* LCButton.swift in Sources */,
				12F754582C04626C006CC5C8 /* LCImageView.swift in Sources */,
				12AECC3A2C04B71A008ED2F4 /* OnboardingViewController.swift in Sources */,
				12AECD7F2C0CCDF7008ED2F4 /* ProductsCollectionViewCell.swift in Sources */,
				12AECD222C09AF4C008ED2F4 /* LCEmptyView.swift in Sources */,
				12F7545A2C046B88006CC5C8 /* UIStackView+Ext.swift in Sources */,
				12AECD1C2C099BB7008ED2F4 /* NotificationsViewController.swift in Sources */,
				12AECD1A2C099BA5008ED2F4 /* CartViewController.swift in Sources */,
				12F7544D2C04562A006CC5C8 /* LoginViewController.swift in Sources */,
				12F753F72C03908E006CC5C8 /* SceneDelegate.swift in Sources */,
				12F754552C045FCB006CC5C8 /* LCStackView.swift in Sources */,
				12F754312C039A86006CC5C8 /* LCBaseViewController.swift in Sources */,
				12F754532C0459A2006CC5C8 /* LCLabel.swift in Sources */,
				12AECD2A2C09DF0B008ED2F4 /* SettingsViewController.swift in Sources */,
				12AECC382C049420008ED2F4 /* SuccessViewController.swift in Sources */,
				12AECD302C09E397008ED2F4 /* SuccessOverlayView.swift in Sources */,
				12F754432C0445C6006CC5C8 /* LaunchViewController.swift in Sources */,
				12AECD7D2C0C8BA8008ED2F4 /* CategoriesTableViewCell.swift in Sources */,
			);
			runOnlyForDeploymentPostprocessing = 0;
		};
		12F754062C039090006CC5C8 /* Sources */ = {
			isa = PBXSourcesBuildPhase;
			buildActionMask = 2147483647;
			files = (
				12F7540F2C039090006CC5C8 /* LuxeCartTests.swift in Sources */,
			);
			runOnlyForDeploymentPostprocessing = 0;
		};
		12F754102C039090006CC5C8 /* Sources */ = {
			isa = PBXSourcesBuildPhase;
			buildActionMask = 2147483647;
			files = (
				12F7541B2C039090006CC5C8 /* LuxeCartUITestsLaunchTests.swift in Sources */,
				12F754192C039090006CC5C8 /* LuxeCartUITests.swift in Sources */,
			);
			runOnlyForDeploymentPostprocessing = 0;
		};
/* End PBXSourcesBuildPhase section */

/* Begin PBXTargetDependency section */
		12F7540C2C039090006CC5C8 /* PBXTargetDependency */ = {
			isa = PBXTargetDependency;
			target = 12F753F02C03908E006CC5C8 /* LuxeCart */;
			targetProxy = 12F7540B2C039090006CC5C8 /* PBXContainerItemProxy */;
		};
		12F754162C039090006CC5C8 /* PBXTargetDependency */ = {
			isa = PBXTargetDependency;
			target = 12F753F02C03908E006CC5C8 /* LuxeCart */;
			targetProxy = 12F754152C039090006CC5C8 /* PBXContainerItemProxy */;
		};
/* End PBXTargetDependency section */

/* Begin PBXVariantGroup section */
		12F754022C03908F006CC5C8 /* LaunchScreen.storyboard */ = {
			isa = PBXVariantGroup;
			children = (
				12F754032C03908F006CC5C8 /* Base */,
			);
			name = LaunchScreen.storyboard;
			sourceTree = "<group>";
		};
/* End PBXVariantGroup section */

/* Begin XCBuildConfiguration section */
		12F7541C2C039090006CC5C8 /* Debug */ = {
			isa = XCBuildConfiguration;
			buildSettings = {
				ALWAYS_SEARCH_USER_PATHS = NO;
				ASSETCATALOG_COMPILER_GENERATE_SWIFT_ASSET_SYMBOL_EXTENSIONS = YES;
				CLANG_ANALYZER_NONNULL = YES;
				CLANG_ANALYZER_NUMBER_OBJECT_CONVERSION = YES_AGGRESSIVE;
				CLANG_CXX_LANGUAGE_STANDARD = "gnu++20";
				CLANG_ENABLE_MODULES = YES;
				CLANG_ENABLE_OBJC_ARC = YES;
				CLANG_ENABLE_OBJC_WEAK = YES;
				CLANG_WARN_BLOCK_CAPTURE_AUTORELEASING = YES;
				CLANG_WARN_BOOL_CONVERSION = YES;
				CLANG_WARN_COMMA = YES;
				CLANG_WARN_CONSTANT_CONVERSION = YES;
				CLANG_WARN_DEPRECATED_OBJC_IMPLEMENTATIONS = YES;
				CLANG_WARN_DIRECT_OBJC_ISA_USAGE = YES_ERROR;
				CLANG_WARN_DOCUMENTATION_COMMENTS = YES;
				CLANG_WARN_EMPTY_BODY = YES;
				CLANG_WARN_ENUM_CONVERSION = YES;
				CLANG_WARN_INFINITE_RECURSION = YES;
				CLANG_WARN_INT_CONVERSION = YES;
				CLANG_WARN_NON_LITERAL_NULL_CONVERSION = YES;
				CLANG_WARN_OBJC_IMPLICIT_RETAIN_SELF = YES;
				CLANG_WARN_OBJC_LITERAL_CONVERSION = YES;
				CLANG_WARN_OBJC_ROOT_CLASS = YES_ERROR;
				CLANG_WARN_QUOTED_INCLUDE_IN_FRAMEWORK_HEADER = YES;
				CLANG_WARN_RANGE_LOOP_ANALYSIS = YES;
				CLANG_WARN_STRICT_PROTOTYPES = YES;
				CLANG_WARN_SUSPICIOUS_MOVE = YES;
				CLANG_WARN_UNGUARDED_AVAILABILITY = YES_AGGRESSIVE;
				CLANG_WARN_UNREACHABLE_CODE = YES;
				CLANG_WARN__DUPLICATE_METHOD_MATCH = YES;
				COPY_PHASE_STRIP = NO;
				DEBUG_INFORMATION_FORMAT = dwarf;
				ENABLE_STRICT_OBJC_MSGSEND = YES;
				ENABLE_TESTABILITY = YES;
				ENABLE_USER_SCRIPT_SANDBOXING = YES;
				GCC_C_LANGUAGE_STANDARD = gnu17;
				GCC_DYNAMIC_NO_PIC = NO;
				GCC_NO_COMMON_BLOCKS = YES;
				GCC_OPTIMIZATION_LEVEL = 0;
				GCC_PREPROCESSOR_DEFINITIONS = (
					"DEBUG=1",
					"$(inherited)",
				);
				GCC_WARN_64_TO_32_BIT_CONVERSION = YES;
				GCC_WARN_ABOUT_RETURN_TYPE = YES_ERROR;
				GCC_WARN_UNDECLARED_SELECTOR = YES;
				GCC_WARN_UNINITIALIZED_AUTOS = YES_AGGRESSIVE;
				GCC_WARN_UNUSED_FUNCTION = YES;
				GCC_WARN_UNUSED_VARIABLE = YES;
				IPHONEOS_DEPLOYMENT_TARGET = 17.2;
				LOCALIZATION_PREFERS_STRING_CATALOGS = YES;
				MTL_ENABLE_DEBUG_INFO = INCLUDE_SOURCE;
				MTL_FAST_MATH = YES;
				ONLY_ACTIVE_ARCH = YES;
				SDKROOT = iphoneos;
				SWIFT_ACTIVE_COMPILATION_CONDITIONS = "DEBUG $(inherited)";
				SWIFT_OPTIMIZATION_LEVEL = "-Onone";
			};
			name = Debug;
		};
		12F7541D2C039090006CC5C8 /* Release */ = {
			isa = XCBuildConfiguration;
			buildSettings = {
				ALWAYS_SEARCH_USER_PATHS = NO;
				ASSETCATALOG_COMPILER_GENERATE_SWIFT_ASSET_SYMBOL_EXTENSIONS = YES;
				CLANG_ANALYZER_NONNULL = YES;
				CLANG_ANALYZER_NUMBER_OBJECT_CONVERSION = YES_AGGRESSIVE;
				CLANG_CXX_LANGUAGE_STANDARD = "gnu++20";
				CLANG_ENABLE_MODULES = YES;
				CLANG_ENABLE_OBJC_ARC = YES;
				CLANG_ENABLE_OBJC_WEAK = YES;
				CLANG_WARN_BLOCK_CAPTURE_AUTORELEASING = YES;
				CLANG_WARN_BOOL_CONVERSION = YES;
				CLANG_WARN_COMMA = YES;
				CLANG_WARN_CONSTANT_CONVERSION = YES;
				CLANG_WARN_DEPRECATED_OBJC_IMPLEMENTATIONS = YES;
				CLANG_WARN_DIRECT_OBJC_ISA_USAGE = YES_ERROR;
				CLANG_WARN_DOCUMENTATION_COMMENTS = YES;
				CLANG_WARN_EMPTY_BODY = YES;
				CLANG_WARN_ENUM_CONVERSION = YES;
				CLANG_WARN_INFINITE_RECURSION = YES;
				CLANG_WARN_INT_CONVERSION = YES;
				CLANG_WARN_NON_LITERAL_NULL_CONVERSION = YES;
				CLANG_WARN_OBJC_IMPLICIT_RETAIN_SELF = YES;
				CLANG_WARN_OBJC_LITERAL_CONVERSION = YES;
				CLANG_WARN_OBJC_ROOT_CLASS = YES_ERROR;
				CLANG_WARN_QUOTED_INCLUDE_IN_FRAMEWORK_HEADER = YES;
				CLANG_WARN_RANGE_LOOP_ANALYSIS = YES;
				CLANG_WARN_STRICT_PROTOTYPES = YES;
				CLANG_WARN_SUSPICIOUS_MOVE = YES;
				CLANG_WARN_UNGUARDED_AVAILABILITY = YES_AGGRESSIVE;
				CLANG_WARN_UNREACHABLE_CODE = YES;
				CLANG_WARN__DUPLICATE_METHOD_MATCH = YES;
				COPY_PHASE_STRIP = NO;
				DEBUG_INFORMATION_FORMAT = "dwarf-with-dsym";
				ENABLE_NS_ASSERTIONS = NO;
				ENABLE_STRICT_OBJC_MSGSEND = YES;
				ENABLE_USER_SCRIPT_SANDBOXING = YES;
				GCC_C_LANGUAGE_STANDARD = gnu17;
				GCC_NO_COMMON_BLOCKS = YES;
				GCC_WARN_64_TO_32_BIT_CONVERSION = YES;
				GCC_WARN_ABOUT_RETURN_TYPE = YES_ERROR;
				GCC_WARN_UNDECLARED_SELECTOR = YES;
				GCC_WARN_UNINITIALIZED_AUTOS = YES_AGGRESSIVE;
				GCC_WARN_UNUSED_FUNCTION = YES;
				GCC_WARN_UNUSED_VARIABLE = YES;
				IPHONEOS_DEPLOYMENT_TARGET = 17.2;
				LOCALIZATION_PREFERS_STRING_CATALOGS = YES;
				MTL_ENABLE_DEBUG_INFO = NO;
				MTL_FAST_MATH = YES;
				SDKROOT = iphoneos;
				SWIFT_COMPILATION_MODE = wholemodule;
				VALIDATE_PRODUCT = YES;
			};
			name = Release;
		};
		12F7541F2C039090006CC5C8 /* Debug */ = {
			isa = XCBuildConfiguration;
			buildSettings = {
				ASSETCATALOG_COMPILER_APPICON_NAME = AppIcon;
				ASSETCATALOG_COMPILER_GLOBAL_ACCENT_COLOR_NAME = AccentColor;
				CODE_SIGN_STYLE = Automatic;
				CURRENT_PROJECT_VERSION = 1;
				GENERATE_INFOPLIST_FILE = YES;
				INFOPLIST_FILE = LuxeCart/Info.plist;
				INFOPLIST_KEY_CFBundleDisplayName = "Luxé Cart";
				INFOPLIST_KEY_UIApplicationSupportsIndirectInputEvents = YES;
				INFOPLIST_KEY_UILaunchStoryboardName = LaunchScreen;
				INFOPLIST_KEY_UISupportedInterfaceOrientations_iPad = "UIInterfaceOrientationPortrait UIInterfaceOrientationPortraitUpsideDown UIInterfaceOrientationLandscapeLeft UIInterfaceOrientationLandscapeRight";
				INFOPLIST_KEY_UISupportedInterfaceOrientations_iPhone = "UIInterfaceOrientationPortrait UIInterfaceOrientationLandscapeLeft UIInterfaceOrientationLandscapeRight";
				LD_RUNPATH_SEARCH_PATHS = (
					"$(inherited)",
					"@executable_path/Frameworks",
				);
				MARKETING_VERSION = 1.0;
				PRODUCT_BUNDLE_IDENTIFIER = janviarora.LuxeCart;
				PRODUCT_NAME = "$(TARGET_NAME)";
				SWIFT_EMIT_LOC_STRINGS = YES;
				SWIFT_VERSION = 5.0;
				TARGETED_DEVICE_FAMILY = "1,2";
			};
			name = Debug;
		};
		12F754202C039090006CC5C8 /* Release */ = {
			isa = XCBuildConfiguration;
			buildSettings = {
				ASSETCATALOG_COMPILER_APPICON_NAME = AppIcon;
				ASSETCATALOG_COMPILER_GLOBAL_ACCENT_COLOR_NAME = AccentColor;
				CODE_SIGN_STYLE = Automatic;
				CURRENT_PROJECT_VERSION = 1;
				GENERATE_INFOPLIST_FILE = YES;
				INFOPLIST_FILE = LuxeCart/Info.plist;
				INFOPLIST_KEY_CFBundleDisplayName = "Luxé Cart";
				INFOPLIST_KEY_UIApplicationSupportsIndirectInputEvents = YES;
				INFOPLIST_KEY_UILaunchStoryboardName = LaunchScreen;
				INFOPLIST_KEY_UISupportedInterfaceOrientations_iPad = "UIInterfaceOrientationPortrait UIInterfaceOrientationPortraitUpsideDown UIInterfaceOrientationLandscapeLeft UIInterfaceOrientationLandscapeRight";
				INFOPLIST_KEY_UISupportedInterfaceOrientations_iPhone = "UIInterfaceOrientationPortrait UIInterfaceOrientationLandscapeLeft UIInterfaceOrientationLandscapeRight";
				LD_RUNPATH_SEARCH_PATHS = (
					"$(inherited)",
					"@executable_path/Frameworks",
				);
				MARKETING_VERSION = 1.0;
				PRODUCT_BUNDLE_IDENTIFIER = janviarora.LuxeCart;
				PRODUCT_NAME = "$(TARGET_NAME)";
				SWIFT_EMIT_LOC_STRINGS = YES;
				SWIFT_VERSION = 5.0;
				TARGETED_DEVICE_FAMILY = "1,2";
			};
			name = Release;
		};
		12F754222C039090006CC5C8 /* Debug */ = {
			isa = XCBuildConfiguration;
			buildSettings = {
				ALWAYS_EMBED_SWIFT_STANDARD_LIBRARIES = YES;
				BUNDLE_LOADER = "$(TEST_HOST)";
				CODE_SIGN_STYLE = Automatic;
				CURRENT_PROJECT_VERSION = 1;
				GENERATE_INFOPLIST_FILE = YES;
				IPHONEOS_DEPLOYMENT_TARGET = 17.2;
				MARKETING_VERSION = 1.0;
				PRODUCT_BUNDLE_IDENTIFIER = janviarora.LuxeCartTests;
				PRODUCT_NAME = "$(TARGET_NAME)";
				SWIFT_EMIT_LOC_STRINGS = NO;
				SWIFT_VERSION = 5.0;
				TARGETED_DEVICE_FAMILY = "1,2";
				TEST_HOST = "$(BUILT_PRODUCTS_DIR)/LuxeCart.app/$(BUNDLE_EXECUTABLE_FOLDER_PATH)/LuxeCart";
			};
			name = Debug;
		};
		12F754232C039090006CC5C8 /* Release */ = {
			isa = XCBuildConfiguration;
			buildSettings = {
				ALWAYS_EMBED_SWIFT_STANDARD_LIBRARIES = YES;
				BUNDLE_LOADER = "$(TEST_HOST)";
				CODE_SIGN_STYLE = Automatic;
				CURRENT_PROJECT_VERSION = 1;
				GENERATE_INFOPLIST_FILE = YES;
				IPHONEOS_DEPLOYMENT_TARGET = 17.2;
				MARKETING_VERSION = 1.0;
				PRODUCT_BUNDLE_IDENTIFIER = janviarora.LuxeCartTests;
				PRODUCT_NAME = "$(TARGET_NAME)";
				SWIFT_EMIT_LOC_STRINGS = NO;
				SWIFT_VERSION = 5.0;
				TARGETED_DEVICE_FAMILY = "1,2";
				TEST_HOST = "$(BUILT_PRODUCTS_DIR)/LuxeCart.app/$(BUNDLE_EXECUTABLE_FOLDER_PATH)/LuxeCart";
			};
			name = Release;
		};
		12F754252C039090006CC5C8 /* Debug */ = {
			isa = XCBuildConfiguration;
			buildSettings = {
				ALWAYS_EMBED_SWIFT_STANDARD_LIBRARIES = YES;
				CODE_SIGN_STYLE = Automatic;
				CURRENT_PROJECT_VERSION = 1;
				GENERATE_INFOPLIST_FILE = YES;
				MARKETING_VERSION = 1.0;
				PRODUCT_BUNDLE_IDENTIFIER = janviarora.LuxeCartUITests;
				PRODUCT_NAME = "$(TARGET_NAME)";
				SWIFT_EMIT_LOC_STRINGS = NO;
				SWIFT_VERSION = 5.0;
				TARGETED_DEVICE_FAMILY = "1,2";
				TEST_TARGET_NAME = LuxeCart;
			};
			name = Debug;
		};
		12F754262C039090006CC5C8 /* Release */ = {
			isa = XCBuildConfiguration;
			buildSettings = {
				ALWAYS_EMBED_SWIFT_STANDARD_LIBRARIES = YES;
				CODE_SIGN_STYLE = Automatic;
				CURRENT_PROJECT_VERSION = 1;
				GENERATE_INFOPLIST_FILE = YES;
				MARKETING_VERSION = 1.0;
				PRODUCT_BUNDLE_IDENTIFIER = janviarora.LuxeCartUITests;
				PRODUCT_NAME = "$(TARGET_NAME)";
				SWIFT_EMIT_LOC_STRINGS = NO;
				SWIFT_VERSION = 5.0;
				TARGETED_DEVICE_FAMILY = "1,2";
				TEST_TARGET_NAME = LuxeCart;
			};
			name = Release;
		};
/* End XCBuildConfiguration section */

/* Begin XCConfigurationList section */
		12F753EC2C03908E006CC5C8 /* Build configuration list for PBXProject "LuxeCart" */ = {
			isa = XCConfigurationList;
			buildConfigurations = (
				12F7541C2C039090006CC5C8 /* Debug */,
				12F7541D2C039090006CC5C8 /* Release */,
			);
			defaultConfigurationIsVisible = 0;
			defaultConfigurationName = Release;
		};
		12F7541E2C039090006CC5C8 /* Build configuration list for PBXNativeTarget "LuxeCart" */ = {
			isa = XCConfigurationList;
			buildConfigurations = (
				12F7541F2C039090006CC5C8 /* Debug */,
				12F754202C039090006CC5C8 /* Release */,
			);
			defaultConfigurationIsVisible = 0;
			defaultConfigurationName = Release;
		};
		12F754212C039090006CC5C8 /* Build configuration list for PBXNativeTarget "LuxeCartTests" */ = {
			isa = XCConfigurationList;
			buildConfigurations = (
				12F754222C039090006CC5C8 /* Debug */,
				12F754232C039090006CC5C8 /* Release */,
			);
			defaultConfigurationIsVisible = 0;
			defaultConfigurationName = Release;
		};
		12F754242C039090006CC5C8 /* Build configuration list for PBXNativeTarget "LuxeCartUITests" */ = {
			isa = XCConfigurationList;
			buildConfigurations = (
				12F754252C039090006CC5C8 /* Debug */,
				12F754262C039090006CC5C8 /* Release */,
			);
			defaultConfigurationIsVisible = 0;
			defaultConfigurationName = Release;
		};
/* End XCConfigurationList section */

/* Begin XCVersionGroup section */
		12F753FD2C03908E006CC5C8 /* LuxeCart.xcdatamodeld */ = {
			isa = XCVersionGroup;
			children = (
				12F753FE2C03908E006CC5C8 /* LuxeCart.xcdatamodel */,
			);
			currentVersion = 12F753FE2C03908E006CC5C8 /* LuxeCart.xcdatamodel */;
			path = LuxeCart.xcdatamodeld;
			sourceTree = "<group>";
			versionGroupType = wrapper.xcdatamodel;
		};
/* End XCVersionGroup section */
	};
	rootObject = 12F753E92C03908E006CC5C8 /* Project object */;
}
